// !$*UTF8*$!
{
	archiveVersion = 1;
	classes = {
	};
	objectVersion = 56;
	objects = {

/* Begin PBXBuildFile section */
		0D6E33F22C1DB3E100633D3F /* ListViewApp.swift in Sources */ = {isa = PBXBuildFile; fileRef = 0D6E33F12C1DB3E100633D3F /* ListViewApp.swift */; };
		0D6E33F42C1DB3E100633D3F /* ContentView.swift in Sources */ = {isa = PBXBuildFile; fileRef = 0D6E33F32C1DB3E100633D3F /* ContentView.swift */; };
		0D6E33F62C1DB3E200633D3F /* Assets.xcassets in Resources */ = {isa = PBXBuildFile; fileRef = 0D6E33F52C1DB3E200633D3F /* Assets.xcassets */; };
		0D6E33F92C1DB3E200633D3F /* Preview Assets.xcassets in Resources */ = {isa = PBXBuildFile; fileRef = 0D6E33F82C1DB3E200633D3F /* Preview Assets.xcassets */; };
		0D6E34032C1DB3E200633D3F /* ListViewTests.swift in Sources */ = {isa = PBXBuildFile; fileRef = 0D6E34022C1DB3E200633D3F /* ListViewTests.swift */; };
		0D6E340D2C1DB3E200633D3F /* ListViewUITests.swift in Sources */ = {isa = PBXBuildFile; fileRef = 0D6E340C2C1DB3E200633D3F /* ListViewUITests.swift */; };
		0D6E340F2C1DB3E200633D3F /* ListViewUITestsLaunchTests.swift in Sources */ = {isa = PBXBuildFile; fileRef = 0D6E340E2C1DB3E200633D3F /* ListViewUITestsLaunchTests.swift */; };
/* End PBXBuildFile section */

/* Begin PBXContainerItemProxy section */
		0D6E33FF2C1DB3E200633D3F /* PBXContainerItemProxy */ = {
			isa = PBXContainerItemProxy;
			containerPortal = 0D6E33E62C1DB3E100633D3F /* Project object */;
			proxyType = 1;
			remoteGlobalIDString = 0D6E33ED2C1DB3E100633D3F;
			remoteInfo = ListView;
		};
		0D6E34092C1DB3E200633D3F /* PBXContainerItemProxy */ = {
			isa = PBXContainerItemProxy;
			containerPortal = 0D6E33E62C1DB3E100633D3F /* Project object */;
			proxyType = 1;
			remoteGlobalIDString = 0D6E33ED2C1DB3E100633D3F;
			remoteInfo = ListView;
		};
/* End PBXContainerItemProxy section */

/* Begin PBXFileReference section */
		0D6E33EE2C1DB3E100633D3F /* ListView.app */ = {isa = PBXFileReference; explicitFileType = wrapper.application; includeInIndex = 0; path = ListView.app; sourceTree = BUILT_PRODUCTS_DIR; };
		0D6E33F12C1DB3E100633D3F /* ListViewApp.swift */ = {isa = PBXFileReference; lastKnownFileType = sourcecode.swift; path = ListViewApp.swift; sourceTree = "<group>"; };
		0D6E33F32C1DB3E100633D3F /* ContentView.swift */ = {isa = PBXFileReference; lastKnownFileType = sourcecode.swift; path = ContentView.swift; sourceTree = "<group>"; };
		0D6E33F52C1DB3E200633D3F /* Assets.xcassets */ = {isa = PBXFileReference; lastKnownFileType = folder.assetcatalog; path = Assets.xcassets; sourceTree = "<group>"; };
		0D6E33F82C1DB3E200633D3F /* Preview Assets.xcassets */ = {isa = PBXFileReference; lastKnownFileType = folder.assetcatalog; path = "Preview Assets.xcassets"; sourceTree = "<group>"; };
		0D6E33FE2C1DB3E200633D3F /* ListViewTests.xctest */ = {isa = PBXFileReference; explicitFileType = wrapper.cfbundle; includeInIndex = 0; path = ListViewTests.xctest; sourceTree = BUILT_PRODUCTS_DIR; };
		0D6E34022C1DB3E200633D3F /* ListViewTests.swift */ = {isa = PBXFileReference; lastKnownFileType = sourcecode.swift; path = ListViewTests.swift; sourceTree = "<group>"; };
		0D6E34082C1DB3E200633D3F /* ListViewUITests.xctest */ = {isa = PBXFileReference; explicitFileType = wrapper.cfbundle; includeInIndex = 0; path = ListViewUITests.xctest; sourceTree = BUILT_PRODUCTS_DIR; };
		0D6E340C2C1DB3E200633D3F /* ListViewUITests.swift */ = {isa = PBXFileReference; lastKnownFileType = sourcecode.swift; path = ListViewUITests.swift; sourceTree = "<group>"; };
		0D6E340E2C1DB3E200633D3F /* ListViewUITestsLaunchTests.swift */ = {isa = PBXFileReference; lastKnownFileType = sourcecode.swift; path = ListViewUITestsLaunchTests.swift; sourceTree = "<group>"; };
/* End PBXFileReference section */

/* Begin PBXFrameworksBuildPhase section */
		0D6E33EB2C1DB3E100633D3F /* Frameworks */ = {
			isa = PBXFrameworksBuildPhase;
			buildActionMask = 2147483647;
			files = (
			);
			runOnlyForDeploymentPostprocessing = 0;
		};
		0D6E33FB2C1DB3E200633D3F /* Frameworks */ = {
			isa = PBXFrameworksBuildPhase;
			buildActionMask = 2147483647;
			files = (
			);
			runOnlyForDeploymentPostprocessing = 0;
		};
		0D6E34052C1DB3E200633D3F /* Frameworks */ = {
			isa = PBXFrameworksBuildPhase;
			buildActionMask = 2147483647;
			files = (
			);
			runOnlyForDeploymentPostprocessing = 0;
		};
/* End PBXFrameworksBuildPhase section */

/* Begin PBXGroup section */
		0D6E33E52C1DB3E100633D3F = {
			isa = PBXGroup;
			children = (
				0D6E33F02C1DB3E100633D3F /* ListView */,
				0D6E34012C1DB3E200633D3F /* ListViewTests */,
				0D6E340B2C1DB3E200633D3F /* ListViewUITests */,
				0D6E33EF2C1DB3E100633D3F /* Products */,
			);
			sourceTree = "<group>";
		};
		0D6E33EF2C1DB3E100633D3F /* Products */ = {
			isa = PBXGroup;
			children = (
				0D6E33EE2C1DB3E100633D3F /* ListView.app */,
				0D6E33FE2C1DB3E200633D3F /* ListViewTests.xctest */,
				0D6E34082C1DB3E200633D3F /* ListViewUITests.xctest */,
			);
			name = Products;
			sourceTree = "<group>";
		};
		0D6E33F02C1DB3E100633D3F /* ListView */ = {
			isa = PBXGroup;
			children = (
				0D6E33F12C1DB3E100633D3F /* ListViewApp.swift */,
				0D6E33F32C1DB3E100633D3F /* ContentView.swift */,
				0D6E33F52C1DB3E200633D3F /* Assets.xcassets */,
				0D6E33F72C1DB3E200633D3F /* Preview Content */,
			);
			path = ListView;
			sourceTree = "<group>";
		};
		0D6E33F72C1DB3E200633D3F /* Preview Content */ = {
			isa = PBXGroup;
			children = (
				0D6E33F82C1DB3E200633D3F /* Preview Assets.xcassets */,
			);
			path = "Preview Content";
			sourceTree = "<group>";
		};
		0D6E34012C1DB3E200633D3F /* ListViewTests */ = {
			isa = PBXGroup;
			children = (
				0D6E34022C1DB3E200633D3F /* ListViewTests.swift */,
			);
			path = ListViewTests;
			sourceTree = "<group>";
		};
		0D6E340B2C1DB3E200633D3F /* ListViewUITests */ = {
			isa = PBXGroup;
			children = (
				0D6E340C2C1DB3E200633D3F /* ListViewUITests.swift */,
				0D6E340E2C1DB3E200633D3F /* ListViewUITestsLaunchTests.swift */,
			);
			path = ListViewUITests;
			sourceTree = "<group>";
		};
/* End PBXGroup section */

/* Begin PBXNativeTarget section */
		0D6E33ED2C1DB3E100633D3F /* ListView */ = {
			isa = PBXNativeTarget;
			buildConfigurationList = 0D6E34122C1DB3E200633D3F /* Build configuration list for PBXNativeTarget "ListView" */;
			buildPhases = (
				0D6E33EA2C1DB3E100633D3F /* Sources */,
				0D6E33EB2C1DB3E100633D3F /* Frameworks */,
				0D6E33EC2C1DB3E100633D3F /* Resources */,
			);
			buildRules = (
			);
			dependencies = (
			);
			name = ListView;
			productName = ListView;
			productReference = 0D6E33EE2C1DB3E100633D3F /* ListView.app */;
			productType = "com.apple.product-type.application";
		};
		0D6E33FD2C1DB3E200633D3F /* ListViewTests */ = {
			isa = PBXNativeTarget;
			buildConfigurationList = 0D6E34152C1DB3E200633D3F /* Build configuration list for PBXNativeTarget "ListViewTests" */;
			buildPhases = (
				0D6E33FA2C1DB3E200633D3F /* Sources */,
				0D6E33FB2C1DB3E200633D3F /* Frameworks */,
				0D6E33FC2C1DB3E200633D3F /* Resources */,
			);
			buildRules = (
			);
			dependencies = (
				0D6E34002C1DB3E200633D3F /* PBXTargetDependency */,
			);
			name = ListViewTests;
			productName = ListViewTests;
			productReference = 0D6E33FE2C1DB3E200633D3F /* ListViewTests.xctest */;
			productType = "com.apple.product-type.bundle.unit-test";
		};
		0D6E34072C1DB3E200633D3F /* ListViewUITests */ = {
			isa = PBXNativeTarget;
			buildConfigurationList = 0D6E34182C1DB3E200633D3F /* Build configuration list for PBXNativeTarget "ListViewUITests" */;
			buildPhases = (
				0D6E34042C1DB3E200633D3F /* Sources */,
				0D6E34052C1DB3E200633D3F /* Frameworks */,
				0D6E34062C1DB3E200633D3F /* Resources */,
			);
			buildRules = (
			);
			dependencies = (
				0D6E340A2C1DB3E200633D3F /* PBXTargetDependency */,
			);
			name = ListViewUITests;
			productName = ListViewUITests;
			productReference = 0D6E34082C1DB3E200633D3F /* ListViewUITests.xctest */;
			productType = "com.apple.product-type.bundle.ui-testing";
		};
/* End PBXNativeTarget section */

/* Begin PBXProject section */
		0D6E33E62C1DB3E100633D3F /* Project object */ = {
			isa = PBXProject;
			attributes = {
				BuildIndependentTargetsInParallel = 1;
				LastSwiftUpdateCheck = 1530;
				LastUpgradeCheck = 1530;
				TargetAttributes = {
					0D6E33ED2C1DB3E100633D3F = {
						CreatedOnToolsVersion = 15.3;
					};
					0D6E33FD2C1DB3E200633D3F = {
						CreatedOnToolsVersion = 15.3;
						TestTargetID = 0D6E33ED2C1DB3E100633D3F;
					};
					0D6E34072C1DB3E200633D3F = {
						CreatedOnToolsVersion = 15.3;
						TestTargetID = 0D6E33ED2C1DB3E100633D3F;
					};
				};
			};
			buildConfigurationList = 0D6E33E92C1DB3E100633D3F /* Build configuration list for PBXProject "ListView" */;
			compatibilityVersion = "Xcode 14.0";
			developmentRegion = en;
			hasScannedForEncodings = 0;
			knownRegions = (
				en,
				Base,
			);
			mainGroup = 0D6E33E52C1DB3E100633D3F;
			productRefGroup = 0D6E33EF2C1DB3E100633D3F /* Products */;
			projectDirPath = "";
			projectRoot = "";
			targets = (
				0D6E33ED2C1DB3E100633D3F /* ListView */,
				0D6E33FD2C1DB3E200633D3F /* ListViewTests */,
				0D6E34072C1DB3E200633D3F /* ListViewUITests */,
			);
		};
/* End PBXProject section */

/* Begin PBXResourcesBuildPhase section */
		0D6E33EC2C1DB3E100633D3F /* Resources */ = {
			isa = PBXResourcesBuildPhase;
			buildActionMask = 2147483647;
			files = (
				0D6E33F92C1DB3E200633D3F /* Preview Assets.xcassets in Resources */,
				0D6E33F62C1DB3E200633D3F /* Assets.xcassets in Resources */,
			);
			runOnlyForDeploymentPostprocessing = 0;
		};
		0D6E33FC2C1DB3E200633D3F /* Resources */ = {
			isa = PBXResourcesBuildPhase;
			buildActionMask = 2147483647;
			files = (
			);
			runOnlyForDeploymentPostprocessing = 0;
		};
		0D6E34062C1DB3E200633D3F /* Resources */ = {
			isa = PBXResourcesBuildPhase;
			buildActionMask = 2147483647;
			files = (
			);
			runOnlyForDeploymentPostprocessing = 0;
		};
/* End PBXResourcesBuildPhase section */

/* Begin PBXSourcesBuildPhase section */
		0D6E33EA2C1DB3E100633D3F /* Sources */ = {
			isa = PBXSourcesBuildPhase;
			buildActionMask = 2147483647;
			files = (
				0D6E33F42C1DB3E100633D3F /* ContentView.swift in Sources */,
				0D6E33F22C1DB3E100633D3F /* ListViewApp.swift in Sources */,
			);
			runOnlyForDeploymentPostprocessing = 0;
		};
		0D6E33FA2C1DB3E200633D3F /* Sources */ = {
			isa = PBXSourcesBuildPhase;
			buildActionMask = 2147483647;
			files = (
				0D6E34032C1DB3E200633D3F /* ListViewTests.swift in Sources */,
			);
			runOnlyForDeploymentPostprocessing = 0;
		};
		0D6E34042C1DB3E200633D3F /* Sources */ = {
			isa = PBXSourcesBuildPhase;
			buildActionMask = 2147483647;
			files = (
				0D6E340F2C1DB3E200633D3F /* ListViewUITestsLaunchTests.swift in Sources */,
				0D6E340D2C1DB3E200633D3F /* ListViewUITests.swift in Sources */,
			);
			runOnlyForDeploymentPostprocessing = 0;
		};
/* End PBXSourcesBuildPhase section */

/* Begin PBXTargetDependency section */
		0D6E34002C1DB3E200633D3F /* PBXTargetDependency */ = {
			isa = PBXTargetDependency;
			target = 0D6E33ED2C1DB3E100633D3F /* ListView */;
			targetProxy = 0D6E33FF2C1DB3E200633D3F /* PBXContainerItemProxy */;
		};
		0D6E340A2C1DB3E200633D3F /* PBXTargetDependency */ = {
			isa = PBXTargetDependency;
			target = 0D6E33ED2C1DB3E100633D3F /* ListView */;
			targetProxy = 0D6E34092C1DB3E200633D3F /* PBXContainerItemProxy */;
		};
/* End PBXTargetDependency section */

/* Begin XCBuildConfiguration section */
		0D6E34102C1DB3E200633D3F /* Debug */ = {
			isa = XCBuildConfiguration;
			buildSettings = {
				ALWAYS_SEARCH_USER_PATHS = NO;
				ASSETCATALOG_COMPILER_GENERATE_SWIFT_ASSET_SYMBOL_EXTENSIONS = YES;
				CLANG_ANALYZER_NONNULL = YES;
				CLANG_ANALYZER_NUMBER_OBJECT_CONVERSION = YES_AGGRESSIVE;
				CLANG_CXX_LANGUAGE_STANDARD = "gnu++20";
				CLANG_ENABLE_MODULES = YES;
				CLANG_ENABLE_OBJC_ARC = YES;
				CLANG_ENABLE_OBJC_WEAK = YES;
				CLANG_WARN_BLOCK_CAPTURE_AUTORELEASING = YES;
				CLANG_WARN_BOOL_CONVERSION = YES;
				CLANG_WARN_COMMA = YES;
				CLANG_WARN_CONSTANT_CONVERSION = YES;
				CLANG_WARN_DEPRECATED_OBJC_IMPLEMENTATIONS = YES;
				CLANG_WARN_DIRECT_OBJC_ISA_USAGE = YES_ERROR;
				CLANG_WARN_DOCUMENTATION_COMMENTS = YES;
				CLANG_WARN_EMPTY_BODY = YES;
				CLANG_WARN_ENUM_CONVERSION = YES;
				CLANG_WARN_INFINITE_RECURSION = YES;
				CLANG_WARN_INT_CONVERSION = YES;
				CLANG_WARN_NON_LITERAL_NULL_CONVERSION = YES;
				CLANG_WARN_OBJC_IMPLICIT_RETAIN_SELF = YES;
				CLANG_WARN_OBJC_LITERAL_CONVERSION = YES;
				CLANG_WARN_OBJC_ROOT_CLASS = YES_ERROR;
				CLANG_WARN_QUOTED_INCLUDE_IN_FRAMEWORK_HEADER = YES;
				CLANG_WARN_RANGE_LOOP_ANALYSIS = YES;
				CLANG_WARN_STRICT_PROTOTYPES = YES;
				CLANG_WARN_SUSPICIOUS_MOVE = YES;
				CLANG_WARN_UNGUARDED_AVAILABILITY = YES_AGGRESSIVE;
				CLANG_WARN_UNREACHABLE_CODE = YES;
				CLANG_WARN__DUPLICATE_METHOD_MATCH = YES;
				COPY_PHASE_STRIP = NO;
				DEBUG_INFORMATION_FORMAT = dwarf;
				ENABLE_STRICT_OBJC_MSGSEND = YES;
				ENABLE_TESTABILITY = YES;
				ENABLE_USER_SCRIPT_SANDBOXING = YES;
				GCC_C_LANGUAGE_STANDARD = gnu17;
				GCC_DYNAMIC_NO_PIC = NO;
				GCC_NO_COMMON_BLOCKS = YES;
				GCC_OPTIMIZATION_LEVEL = 0;
				GCC_PREPROCESSOR_DEFINITIONS = (
					"DEBUG=1",
					"$(inherited)",
				);
				GCC_WARN_64_TO_32_BIT_CONVERSION = YES;
				GCC_WARN_ABOUT_RETURN_TYPE = YES_ERROR;
				GCC_WARN_UNDECLARED_SELECTOR = YES;
				GCC_WARN_UNINITIALIZED_AUTOS = YES_AGGRESSIVE;
				GCC_WARN_UNUSED_FUNCTION = YES;
				GCC_WARN_UNUSED_VARIABLE = YES;
				IPHONEOS_DEPLOYMENT_TARGET = 17.4;
				LOCALIZATION_PREFERS_STRING_CATALOGS = YES;
				MTL_ENABLE_DEBUG_INFO = INCLUDE_SOURCE;
				MTL_FAST_MATH = YES;
				ONLY_ACTIVE_ARCH = YES;
				SDKROOT = iphoneos;
				SWIFT_ACTIVE_COMPILATION_CONDITIONS = "DEBUG $(inherited)";
				SWIFT_OPTIMIZATION_LEVEL = "-Onone";
			};
			name = Debug;
		};
		0D6E34112C1DB3E200633D3F /* Release */ = {
			isa = XCBuildConfiguration;
			buildSettings = {
				ALWAYS_SEARCH_USER_PATHS = NO;
				ASSETCATALOG_COMPILER_GENERATE_SWIFT_ASSET_SYMBOL_EXTENSIONS = YES;
				CLANG_ANALYZER_NONNULL = YES;
				CLANG_ANALYZER_NUMBER_OBJECT_CONVERSION = YES_AGGRESSIVE;
				CLANG_CXX_LANGUAGE_STANDARD = "gnu++20";
				CLANG_ENABLE_MODULES = YES;
				CLANG_ENABLE_OBJC_ARC = YES;
				CLANG_ENABLE_OBJC_WEAK = YES;
				CLANG_WARN_BLOCK_CAPTURE_AUTORELEASING = YES;
				CLANG_WARN_BOOL_CONVERSION = YES;
				CLANG_WARN_COMMA = YES;
				CLANG_WARN_CONSTANT_CONVERSION = YES;
				CLANG_WARN_DEPRECATED_OBJC_IMPLEMENTATIONS = YES;
				CLANG_WARN_DIRECT_OBJC_ISA_USAGE = YES_ERROR;
				CLANG_WARN_DOCUMENTATION_COMMENTS = YES;
				CLANG_WARN_EMPTY_BODY = YES;
				CLANG_WARN_ENUM_CONVERSION = YES;
				CLANG_WARN_INFINITE_RECURSION = YES;
				CLANG_WARN_INT_CONVERSION = YES;
				CLANG_WARN_NON_LITERAL_NULL_CONVERSION = YES;
				CLANG_WARN_OBJC_IMPLICIT_RETAIN_SELF = YES;
				CLANG_WARN_OBJC_LITERAL_CONVERSION = YES;
				CLANG_WARN_OBJC_ROOT_CLASS = YES_ERROR;
				CLANG_WARN_QUOTED_INCLUDE_IN_FRAMEWORK_HEADER = YES;
				CLANG_WARN_RANGE_LOOP_ANALYSIS = YES;
				CLANG_WARN_STRICT_PROTOTYPES = YES;
				CLANG_WARN_SUSPICIOUS_MOVE = YES;
				CLANG_WARN_UNGUARDED_AVAILABILITY = YES_AGGRESSIVE;
				CLANG_WARN_UNREACHABLE_CODE = YES;
				CLANG_WARN__DUPLICATE_METHOD_MATCH = YES;
				COPY_PHASE_STRIP = NO;
				DEBUG_INFORMATION_FORMAT = "dwarf-with-dsym";
				ENABLE_NS_ASSERTIONS = NO;
				ENABLE_STRICT_OBJC_MSGSEND = YES;
				ENABLE_USER_SCRIPT_SANDBOXING = YES;
				GCC_C_LANGUAGE_STANDARD = gnu17;
				GCC_NO_COMMON_BLOCKS = YES;
				GCC_WARN_64_TO_32_BIT_CONVERSION = YES;
				GCC_WARN_ABOUT_RETURN_TYPE = YES_ERROR;
				GCC_WARN_UNDECLARED_SELECTOR = YES;
				GCC_WARN_UNINITIALIZED_AUTOS = YES_AGGRESSIVE;
				GCC_WARN_UNUSED_FUNCTION = YES;
				GCC_WARN_UNUSED_VARIABLE = YES;
				IPHONEOS_DEPLOYMENT_TARGET = 17.4;
				LOCALIZATION_PREFERS_STRING_CATALOGS = YES;
				MTL_ENABLE_DEBUG_INFO = NO;
				MTL_FAST_MATH = YES;
				SDKROOT = iphoneos;
				SWIFT_COMPILATION_MODE = wholemodule;
				VALIDATE_PRODUCT = YES;
			};
			name = Release;
		};
		0D6E34132C1DB3E200633D3F /* Debug */ = {
			isa = XCBuildConfiguration;
			buildSettings = {
				ASSETCATALOG_COMPILER_APPICON_NAME = AppIcon;
				ASSETCATALOG_COMPILER_GLOBAL_ACCENT_COLOR_NAME = AccentColor;
				CODE_SIGN_STYLE = Automatic;
				CURRENT_PROJECT_VERSION = 1;
				DEVELOPMENT_ASSET_PATHS = "\"ListView/Preview Content\"";
				ENABLE_PREVIEWS = YES;
				GENERATE_INFOPLIST_FILE = YES;
				INFOPLIST_KEY_UIApplicationSceneManifest_Generation = YES;
				INFOPLIST_KEY_UIApplicationSupportsIndirectInputEvents = YES;
				INFOPLIST_KEY_UILaunchScreen_Generation = YES;
				INFOPLIST_KEY_UISupportedInterfaceOrientations_iPad = "UIInterfaceOrientationPortrait UIInterfaceOrientationPortraitUpsideDown UIInterfaceOrientationLandscapeLeft UIInterfaceOrientationLandscapeRight";
				INFOPLIST_KEY_UISupportedInterfaceOrientations_iPhone = "UIInterfaceOrientationPortrait UIInterfaceOrientationLandscapeLeft UIInterfaceOrientationLandscapeRight";
				LD_RUNPATH_SEARCH_PATHS = (
					"$(inherited)",
					"@executable_path/Frameworks",
				);
				MARKETING_VERSION = 1.0;
				PRODUCT_BUNDLE_IDENTIFIER = card.ListView;
				PRODUCT_NAME = "$(TARGET_NAME)";
				SWIFT_EMIT_LOC_STRINGS = YES;
				SWIFT_VERSION = 5.0;
				TARGETED_DEVICE_FAMILY = "1,2";
			};
			name = Debug;
		};
		0D6E34142C1DB3E200633D3F /* Release */ = {
			isa = XCBuildConfiguration;
			buildSettings = {
				ASSETCATALOG_COMPILER_APPICON_NAME = AppIcon;
				ASSETCATALOG_COMPILER_GLOBAL_ACCENT_COLOR_NAME = AccentColor;
				CODE_SIGN_STYLE = Automatic;
				CURRENT_PROJECT_VERSION = 1;
				DEVELOPMENT_ASSET_PATHS = "\"ListView/Preview Content\"";
				ENABLE_PREVIEWS = YES;
				GENERATE_INFOPLIST_FILE = YES;
				INFOPLIST_KEY_UIApplicationSceneManifest_Generation = YES;
				INFOPLIST_KEY_UIApplicationSupportsIndirectInputEvents = YES;
				INFOPLIST_KEY_UILaunchScreen_Generation = YES;
				INFOPLIST_KEY_UISupportedInterfaceOrientations_iPad = "UIInterfaceOrientationPortrait UIInterfaceOrientationPortraitUpsideDown UIInterfaceOrientationLandscapeLeft UIInterfaceOrientationLandscapeRight";
				INFOPLIST_KEY_UISupportedInterfaceOrientations_iPhone = "UIInterfaceOrientationPortrait UIInterfaceOrientationLandscapeLeft UIInterfaceOrientationLandscapeRight";
				LD_RUNPATH_SEARCH_PATHS = (
					"$(inherited)",
					"@executable_path/Frameworks",
				);
				MARKETING_VERSION = 1.0;
				PRODUCT_BUNDLE_IDENTIFIER = card.ListView;
				PRODUCT_NAME = "$(TARGET_NAME)";
				SWIFT_EMIT_LOC_STRINGS = YES;
				SWIFT_VERSION = 5.0;
				TARGETED_DEVICE_FAMILY = "1,2";
			};
			name = Release;
		};
		0D6E34162C1DB3E200633D3F /* Debug */ = {
			isa = XCBuildConfiguration;
			buildSettings = {
				ALWAYS_EMBED_SWIFT_STANDARD_LIBRARIES = YES;
				BUNDLE_LOADER = "$(TEST_HOST)";
				CODE_SIGN_STYLE = Automatic;
				CURRENT_PROJECT_VERSION = 1;
				GENERATE_INFOPLIST_FILE = YES;
				IPHONEOS_DEPLOYMENT_TARGET = 17.4;
				MARKETING_VERSION = 1.0;
				PRODUCT_BUNDLE_IDENTIFIER = card.ListViewTests;
				PRODUCT_NAME = "$(TARGET_NAME)";
				SWIFT_EMIT_LOC_STRINGS = NO;
				SWIFT_VERSION = 5.0;
				TARGETED_DEVICE_FAMILY = "1,2";
				TEST_HOST = "$(BUILT_PRODUCTS_DIR)/ListView.app/$(BUNDLE_EXECUTABLE_FOLDER_PATH)/ListView";
			};
			name = Debug;
		};
		0D6E34172C1DB3E200633D3F /* Release */ = {
			isa = XCBuildConfiguration;
			buildSettings = {
				ALWAYS_EMBED_SWIFT_STANDARD_LIBRARIES = YES;
				BUNDLE_LOADER = "$(TEST_HOST)";
				CODE_SIGN_STYLE = Automatic;
				CURRENT_PROJECT_VERSION = 1;
				GENERATE_INFOPLIST_FILE = YES;
				IPHONEOS_DEPLOYMENT_TARGET = 17.4;
				MARKETING_VERSION = 1.0;
				PRODUCT_BUNDLE_IDENTIFIER = card.ListViewTests;
				PRODUCT_NAME = "$(TARGET_NAME)";
				SWIFT_EMIT_LOC_STRINGS = NO;
				SWIFT_VERSION = 5.0;
				TARGETED_DEVICE_FAMILY = "1,2";
				TEST_HOST = "$(BUILT_PRODUCTS_DIR)/ListView.app/$(BUNDLE_EXECUTABLE_FOLDER_PATH)/ListView";
			};
			name = Release;
		};
		0D6E34192C1DB3E200633D3F /* Debug */ = {
			isa = XCBuildConfiguration;
			buildSettings = {
				ALWAYS_EMBED_SWIFT_STANDARD_LIBRARIES = YES;
				CODE_SIGN_STYLE = Automatic;
				CURRENT_PROJECT_VERSION = 1;
				GENERATE_INFOPLIST_FILE = YES;
				MARKETING_VERSION = 1.0;
				PRODUCT_BUNDLE_IDENTIFIER = card.ListViewUITests;
				PRODUCT_NAME = "$(TARGET_NAME)";
				SWIFT_EMIT_LOC_STRINGS = NO;
				SWIFT_VERSION = 5.0;
				TARGETED_DEVICE_FAMILY = "1,2";
				TEST_TARGET_NAME = ListView;
			};
			name = Debug;
		};
		0D6E341A2C1DB3E200633D3F /* Release */ = {
			isa = XCBuildConfiguration;
			buildSettings = {
				ALWAYS_EMBED_SWIFT_STANDARD_LIBRARIES = YES;
				CODE_SIGN_STYLE = Automatic;
				CURRENT_PROJECT_VERSION = 1;
				GENERATE_INFOPLIST_FILE = YES;
				MARKETING_VERSION = 1.0;
				PRODUCT_BUNDLE_IDENTIFIER = card.ListViewUITests;
				PRODUCT_NAME = "$(TARGET_NAME)";
				SWIFT_EMIT_LOC_STRINGS = NO;
				SWIFT_VERSION = 5.0;
				TARGETED_DEVICE_FAMILY = "1,2";
				TEST_TARGET_NAME = ListView;
			};
			name = Release;
		};
/* End XCBuildConfiguration section */

/* Begin XCConfigurationList section */
		0D6E33E92C1DB3E100633D3F /* Build configuration list for PBXProject "ListView" */ = {
			isa = XCConfigurationList;
			buildConfigurations = (
				0D6E34102C1DB3E200633D3F /* Debug */,
				0D6E34112C1DB3E200633D3F /* Release */,
			);
			defaultConfigurationIsVisible = 0;
			defaultConfigurationName = Release;
		};
		0D6E34122C1DB3E200633D3F /* Build configuration list for PBXNativeTarget "ListView" */ = {
			isa = XCConfigurationList;
			buildConfigurations = (
				0D6E34132C1DB3E200633D3F /* Debug */,
				0D6E34142C1DB3E200633D3F /* Release */,
			);
			defaultConfigurationIsVisible = 0;
			defaultConfigurationName = Release;
		};
		0D6E34152C1DB3E200633D3F /* Build configuration list for PBXNativeTarget "ListViewTests" */ = {
			isa = XCConfigurationList;
			buildConfigurations = (
				0D6E34162C1DB3E200633D3F /* Debug */,
				0D6E34172C1DB3E200633D3F /* Release */,
			);
			defaultConfigurationIsVisible = 0;
			defaultConfigurationName = Release;
		};
		0D6E34182C1DB3E200633D3F /* Build configuration list for PBXNativeTarget "ListViewUITests" */ = {
			isa = XCConfigurationList;
			buildConfigurations = (
				0D6E34192C1DB3E200633D3F /* Debug */,
				0D6E341A2C1DB3E200633D3F /* Release */,
			);
			defaultConfigurationIsVisible = 0;
			defaultConfigurationName = Release;
		};
/* End XCConfigurationList section */
	};
	rootObject = 0D6E33E62C1DB3E100633D3F /* Project object */;
}
